
Microsoft Visual Studio Solution File, Format Version 12.00
# Visual Studio 15
VisualStudioVersion = 15.0.26730.16
MinimumVisualStudioVersion = 10.0.40219.1
Project("{FAE04EC0-301F-11D3-BF4B-00C04F79EFBC}") = "LabNumber5", "LabNumber5\LabNumber5.csproj", "{A603B73C-627E-4B5F-A8B7-93553218E179}"
EndProject
Global
	GlobalSection(SolutionConfigurationPlatforms) = preSolution
		Debug|Any CPU = Debug|Any CPU
		Release|Any CPU = Release|Any CPU
	EndGlobalSection
	GlobalSection(ProjectConfigurationPlatforms) = postSolution
		{A603B73C-627E-4B5F-A8B7-93553218E179}.Debug|Any CPU.ActiveCfg = Debug|Any CPU
		{A603B73C-627E-4B5F-A8B7-93553218E179}.Debug|Any CPU.Build.0 = Debug|Any CPU
		{A603B73C-627E-4B5F-A8B7-93553218E179}.Release|Any CPU.ActiveCfg = Release|Any CPU
		{A603B73C-627E-4B5F-A8B7-93553218E179}.Release|Any CPU.Build.0 = Release|Any CPU
	EndGlobalSection
	GlobalSection(SolutionProperties) = preSolution
		HideSolutionNode = FALSE
	EndGlobalSection
	GlobalSection(ExtensibilityGlobals) = postSolution
		SolutionGuid = {703B91DE-DE9F-4558-AE1E-698D72550F27}
	EndGlobalSection
EndGlobal
